{
  "name": "ng-intl-tel-input",
  "version": "2.0.0",
  "lockfileVersion": 1,
  "requires": true,
  "dependencies": {
    "intl-tel-input": {
      "version": "12.1.16",
      "resolved": "https://registry.npmjs.org/intl-tel-input/-/intl-tel-input-12.1.16.tgz",
      "integrity": "sha512-rIDwyDP3eQzKw79YA5OmSmGfBPtAyt0pz3typSb3Q8rnDCrff2Kd7YaPpvEvxiV7FfK2iq0B4gqVPE8ZBAidPg=="
    }
  }
}
